// !$*UTF8*$!
{
	archiveVersion = 1;
	classes = {
	};
	objectVersion = 55;
	objects = {

/* Begin PBXBuildFile section */
		952CAABB8E4D88F8BBBC277D /* Pods_MultiTest.framework in Frameworks */ = {isa = PBXBuildFile; fileRef = D4345980E3001E460078F52C /* Pods_MultiTest.framework */; };
		EEF78A232812A03C00E47D6A /* AppDelegate.m in Sources */ = {isa = PBXBuildFile; fileRef = EEF78A222812A03C00E47D6A /* AppDelegate.m */; };
		EEF78A262812A03C00E47D6A /* SceneDelegate.m in Sources */ = {isa = PBXBuildFile; fileRef = EEF78A252812A03C00E47D6A /* SceneDelegate.m */; };
		EEF78A292812A03C00E47D6A /* ViewController.m in Sources */ = {isa = PBXBuildFile; fileRef = EEF78A282812A03C00E47D6A /* ViewController.m */; };
		EEF78A2C2812A03C00E47D6A /* Main.storyboard in Resources */ = {isa = PBXBuildFile; fileRef = EEF78A2A2812A03C00E47D6A /* Main.storyboard */; };
		EEF78A2E2812A04000E47D6A /* Assets.xcassets in Resources */ = {isa = PBXBuildFile; fileRef = EEF78A2D2812A04000E47D6A /* Assets.xcassets */; };
		EEF78A312812A04000E47D6A /* LaunchScreen.storyboard in Resources */ = {isa = PBXBuildFile; fileRef = EEF78A2F2812A04000E47D6A /* LaunchScreen.storyboard */; };
		EEF78A342812A04000E47D6A /* main.m in Sources */ = {isa = PBXBuildFile; fileRef = EEF78A332812A04000E47D6A /* main.m */; };
/* End PBXBuildFile section */

/* Begin PBXFileReference section */
		6301037B9D3785DCEA745A58 /* Pods-MultiTest.release.xcconfig */ = {isa = PBXFileReference; includeInIndex = 1; lastKnownFileType = text.xcconfig; name = "Pods-MultiTest.release.xcconfig"; path = "Target Support Files/Pods-MultiTest/Pods-MultiTest.release.xcconfig"; sourceTree = "<group>"; };
		8E6F473AC72F36596C7482C4 /* Pods-MultiTest.releasetest.xcconfig */ = {isa = PBXFileReference; includeInIndex = 1; lastKnownFileType = text.xcconfig; name = "Pods-MultiTest.releasetest.xcconfig"; path = "Target Support Files/Pods-MultiTest/Pods-MultiTest.releasetest.xcconfig"; sourceTree = "<group>"; };
		973C8B76265D84711F57E5B7 /* Pods-MultiTest.debug.xcconfig */ = {isa = PBXFileReference; includeInIndex = 1; lastKnownFileType = text.xcconfig; name = "Pods-MultiTest.debug.xcconfig"; path = "Target Support Files/Pods-MultiTest/Pods-MultiTest.debug.xcconfig"; sourceTree = "<group>"; };
		D4345980E3001E460078F52C /* Pods_MultiTest.framework */ = {isa = PBXFileReference; explicitFileType = wrapper.framework; includeInIndex = 0; path = Pods_MultiTest.framework; sourceTree = BUILT_PRODUCTS_DIR; };
		EE6D7CD22815361A00ABD325 /* PrefixHeader.pch */ = {isa = PBXFileReference; lastKnownFileType = sourcecode.c.h; path = PrefixHeader.pch; sourceTree = "<group>"; };
		EEF78A1E2812A03C00E47D6A /* MultiTest.app */ = {isa = PBXFileReference; explicitFileType = wrapper.application; includeInIndex = 0; path = MultiTest.app; sourceTree = BUILT_PRODUCTS_DIR; };
		EEF78A212812A03C00E47D6A /* AppDelegate.h */ = {isa = PBXFileReference; lastKnownFileType = sourcecode.c.h; path = AppDelegate.h; sourceTree = "<group>"; };
		EEF78A222812A03C00E47D6A /* AppDelegate.m */ = {isa = PBXFileReference; lastKnownFileType = sourcecode.c.objc; path = AppDelegate.m; sourceTree = "<group>"; };
		EEF78A242812A03C00E47D6A /* SceneDelegate.h */ = {isa = PBXFileReference; lastKnownFileType = sourcecode.c.h; path = SceneDelegate.h; sourceTree = "<group>"; };
		EEF78A252812A03C00E47D6A /* SceneDelegate.m */ = {isa = PBXFileReference; lastKnownFileType = sourcecode.c.objc; path = SceneDelegate.m; sourceTree = "<group>"; };
		EEF78A272812A03C00E47D6A /* ViewController.h */ = {isa = PBXFileReference; lastKnownFileType = sourcecode.c.h; path = ViewController.h; sourceTree = "<group>"; };
		EEF78A282812A03C00E47D6A /* ViewController.m */ = {isa = PBXFileReference; lastKnownFileType = sourcecode.c.objc; path = ViewController.m; sourceTree = "<group>"; };
		EEF78A2B2812A03C00E47D6A /* Base */ = {isa = PBXFileReference; lastKnownFileType = file.storyboard; name = Base; path = Base.lproj/Main.storyboard; sourceTree = "<group>"; };
		EEF78A2D2812A04000E47D6A /* Assets.xcassets */ = {isa = PBXFileReference; lastKnownFileType = folder.assetcatalog; path = Assets.xcassets; sourceTree = "<group>"; };
		EEF78A302812A04000E47D6A /* Base */ = {isa = PBXFileReference; lastKnownFileType = file.storyboard; name = Base; path = Base.lproj/LaunchScreen.storyboard; sourceTree = "<group>"; };
		EEF78A322812A04000E47D6A /* Info.plist */ = {isa = PBXFileReference; lastKnownFileType = text.plist.xml; path = Info.plist; sourceTree = "<group>"; };
		EEF78A332812A04000E47D6A /* main.m */ = {isa = PBXFileReference; lastKnownFileType = sourcecode.c.objc; path = main.m; sourceTree = "<group>"; };
		EEF78A3D2812AA2700E47D6A /* CommonConfig.xcconfig */ = {isa = PBXFileReference; lastKnownFileType = text.xcconfig; path = CommonConfig.xcconfig; sourceTree = "<group>"; };
		EEF78A3E2812AA3700E47D6A /* DebugConfig.xcconfig */ = {isa = PBXFileReference; lastKnownFileType = text.xcconfig; path = DebugConfig.xcconfig; sourceTree = "<group>"; };
		EEF78A3F2812AA4500E47D6A /* ReleaseConfig.xcconfig */ = {isa = PBXFileReference; lastKnownFileType = text.xcconfig; path = ReleaseConfig.xcconfig; sourceTree = "<group>"; };
		EEF78A402812AA5A00E47D6A /* ReleaseTestConfig.xcconfig */ = {isa = PBXFileReference; lastKnownFileType = text.xcconfig; path = ReleaseTestConfig.xcconfig; sourceTree = "<group>"; };
/* End PBXFileReference section */

/* Begin PBXFrameworksBuildPhase section */
		EEF78A1B2812A03C00E47D6A /* Frameworks */ = {
			isa = PBXFrameworksBuildPhase;
			buildActionMask = 2147483647;
			files = (
				952CAABB8E4D88F8BBBC277D /* Pods_MultiTest.framework in Frameworks */,
			);
			runOnlyForDeploymentPostprocessing = 0;
		};
/* End PBXFrameworksBuildPhase section */

/* Begin PBXGroup section */
		08C1DF2CA6D6B7F25BB13B19 /* Frameworks */ = {
			isa = PBXGroup;
			children = (
				D4345980E3001E460078F52C /* Pods_MultiTest.framework */,
			);
			name = Frameworks;
			sourceTree = "<group>";
		};
		BF88A084084F5CF6E30FC953 /* Pods */ = {
			isa = PBXGroup;
			children = (
				973C8B76265D84711F57E5B7 /* Pods-MultiTest.debug.xcconfig */,
				6301037B9D3785DCEA745A58 /* Pods-MultiTest.release.xcconfig */,
				8E6F473AC72F36596C7482C4 /* Pods-MultiTest.releasetest.xcconfig */,
			);
			path = Pods;
			sourceTree = "<group>";
		};
		EEF78A152812A03C00E47D6A = {
			isa = PBXGroup;
			children = (
				EEF78A202812A03C00E47D6A /* MultiTest */,
				EEF78A1F2812A03C00E47D6A /* Products */,
				BF88A084084F5CF6E30FC953 /* Pods */,
				08C1DF2CA6D6B7F25BB13B19 /* Frameworks */,
			);
			sourceTree = "<group>";
		};
		EEF78A1F2812A03C00E47D6A /* Products */ = {
			isa = PBXGroup;
			children = (
				EEF78A1E2812A03C00E47D6A /* MultiTest.app */,
			);
			name = Products;
			sourceTree = "<group>";
		};
		EEF78A202812A03C00E47D6A /* MultiTest */ = {
			isa = PBXGroup;
			children = (
				EEF78A3C2812AA0200E47D6A /* Config */,
				EEF78A212812A03C00E47D6A /* AppDelegate.h */,
				EEF78A222812A03C00E47D6A /* AppDelegate.m */,
				EEF78A242812A03C00E47D6A /* SceneDelegate.h */,
				EEF78A252812A03C00E47D6A /* SceneDelegate.m */,
				EEF78A272812A03C00E47D6A /* ViewController.h */,
				EEF78A282812A03C00E47D6A /* ViewController.m */,
				EEF78A2A2812A03C00E47D6A /* Main.storyboard */,
				EEF78A2D2812A04000E47D6A /* Assets.xcassets */,
				EEF78A2F2812A04000E47D6A /* LaunchScreen.storyboard */,
				EEF78A322812A04000E47D6A /* Info.plist */,
				EEF78A332812A04000E47D6A /* main.m */,
				EE6D7CD22815361A00ABD325 /* PrefixHeader.pch */,
			);
			path = MultiTest;
			sourceTree = "<group>";
		};
		EEF78A3C2812AA0200E47D6A /* Config */ = {
			isa = PBXGroup;
			children = (
				EEF78A3D2812AA2700E47D6A /* CommonConfig.xcconfig */,
				EEF78A3E2812AA3700E47D6A /* DebugConfig.xcconfig */,
				EEF78A3F2812AA4500E47D6A /* ReleaseConfig.xcconfig */,
				EEF78A402812AA5A00E47D6A /* ReleaseTestConfig.xcconfig */,
			);
			path = Config;
			sourceTree = "<group>";
		};
/* End PBXGroup section */

/* Begin PBXNativeTarget section */
		EEF78A1D2812A03C00E47D6A /* MultiTest */ = {
			isa = PBXNativeTarget;
			buildConfigurationList = EEF78A372812A04000E47D6A /* Build configuration list for PBXNativeTarget "MultiTest" */;
			buildPhases = (
				DE227D4166523AB8951C15C0 /* [CP] Check Pods Manifest.lock */,
				EEF78A1A2812A03C00E47D6A /* Sources */,
				EEF78A1B2812A03C00E47D6A /* Frameworks */,
				EEF78A1C2812A03C00E47D6A /* Resources */,
				91A24CFF898B67D5E4069181 /* [CP] Embed Pods Frameworks */,
			);
			buildRules = (
			);
			dependencies = (
			);
			name = MultiTest;
			productName = MultiTest;
			productReference = EEF78A1E2812A03C00E47D6A /* MultiTest.app */;
			productType = "com.apple.product-type.application";
		};
/* End PBXNativeTarget section */

/* Begin PBXProject section */
		EEF78A162812A03C00E47D6A /* Project object */ = {
			isa = PBXProject;
			attributes = {
				BuildIndependentTargetsInParallel = 1;
				LastUpgradeCheck = 1320;
				TargetAttributes = {
					EEF78A1D2812A03C00E47D6A = {
						CreatedOnToolsVersion = 13.2.1;
					};
				};
			};
			buildConfigurationList = EEF78A192812A03C00E47D6A /* Build configuration list for PBXProject "MultiTest" */;
			compatibilityVersion = "Xcode 13.0";
			developmentRegion = en;
			hasScannedForEncodings = 0;
			knownRegions = (
				en,
				Base,
			);
			mainGroup = EEF78A152812A03C00E47D6A;
			productRefGroup = EEF78A1F2812A03C00E47D6A /* Products */;
			projectDirPath = "";
			projectRoot = "";
			targets = (
				EEF78A1D2812A03C00E47D6A /* MultiTest */,
			);
		};
/* End PBXProject section */

/* Begin PBXResourcesBuildPhase section */
		EEF78A1C2812A03C00E47D6A /* Resources */ = {
			isa = PBXResourcesBuildPhase;
			buildActionMask = 2147483647;
			files = (
				EEF78A312812A04000E47D6A /* LaunchScreen.storyboard in Resources */,
				EEF78A2E2812A04000E47D6A /* Assets.xcassets in Resources */,
				EEF78A2C2812A03C00E47D6A /* Main.storyboard in Resources */,
			);
			runOnlyForDeploymentPostprocessing = 0;
		};
/* End PBXResourcesBuildPhase section */

/* Begin PBXShellScriptBuildPhase section */
		91A24CFF898B67D5E4069181 /* [CP] Embed Pods Frameworks */ = {
			isa = PBXShellScriptBuildPhase;
			buildActionMask = 2147483647;
			files = (
			);
			inputFileListPaths = (
				"${PODS_ROOT}/Target Support Files/Pods-MultiTest/Pods-MultiTest-frameworks-${CONFIGURATION}-input-files.xcfilelist",
			);
			name = "[CP] Embed Pods Frameworks";
			outputFileListPaths = (
				"${PODS_ROOT}/Target Support Files/Pods-MultiTest/Pods-MultiTest-frameworks-${CONFIGURATION}-output-files.xcfilelist",
			);
			runOnlyForDeploymentPostprocessing = 0;
			shellPath = /bin/sh;
			shellScript = "\"${PODS_ROOT}/Target Support Files/Pods-MultiTest/Pods-MultiTest-frameworks.sh\"\n";
			showEnvVarsInLog = 0;
		};
		DE227D4166523AB8951C15C0 /* [CP] Check Pods Manifest.lock */ = {
			isa = PBXShellScriptBuildPhase;
			buildActionMask = 2147483647;
			files = (
			);
			inputFileListPaths = (
			);
			inputPaths = (
				"${PODS_PODFILE_DIR_PATH}/Podfile.lock",
				"${PODS_ROOT}/Manifest.lock",
			);
			name = "[CP] Check Pods Manifest.lock";
			outputFileListPaths = (
			);
			outputPaths = (
				"$(DERIVED_FILE_DIR)/Pods-MultiTest-checkManifestLockResult.txt",
			);
			runOnlyForDeploymentPostprocessing = 0;
			shellPath = /bin/sh;
			shellScript = "diff \"${PODS_PODFILE_DIR_PATH}/Podfile.lock\" \"${PODS_ROOT}/Manifest.lock\" > /dev/null\nif [ $? != 0 ] ; then\n    # print error to STDERR\n    echo \"error: The sandbox is not in sync with the Podfile.lock. Run 'pod install' or update your CocoaPods installation.\" >&2\n    exit 1\nfi\n# This output is used by Xcode 'outputs' to avoid re-running this script phase.\necho \"SUCCESS\" > \"${SCRIPT_OUTPUT_FILE_0}\"\n";
			showEnvVarsInLog = 0;
		};
/* End PBXShellScriptBuildPhase section */

/* Begin PBXSourcesBuildPhase section */
		EEF78A1A2812A03C00E47D6A /* Sources */ = {
			isa = PBXSourcesBuildPhase;
			buildActionMask = 2147483647;
			files = (
				EEF78A292812A03C00E47D6A /* ViewController.m in Sources */,
				EEF78A232812A03C00E47D6A /* AppDelegate.m in Sources */,
				EEF78A342812A04000E47D6A /* main.m in Sources */,
				EEF78A262812A03C00E47D6A /* SceneDelegate.m in Sources */,
			);
			runOnlyForDeploymentPostprocessing = 0;
		};
/* End PBXSourcesBuildPhase section */

/* Begin PBXVariantGroup section */
		EEF78A2A2812A03C00E47D6A /* Main.storyboard */ = {
			isa = PBXVariantGroup;
			children = (
				EEF78A2B2812A03C00E47D6A /* Base */,
			);
			name = Main.storyboard;
			sourceTree = "<group>";
		};
		EEF78A2F2812A04000E47D6A /* LaunchScreen.storyboard */ = {
			isa = PBXVariantGroup;
			children = (
				EEF78A302812A04000E47D6A /* Base */,
			);
			name = LaunchScreen.storyboard;
			sourceTree = "<group>";
		};
/* End PBXVariantGroup section */

/* Begin XCBuildConfiguration section */
		EEF78A352812A04000E47D6A /* Debug */ = {
			isa = XCBuildConfiguration;
			baseConfigurationReference = EEF78A3E2812AA3700E47D6A /* DebugConfig.xcconfig */;
			buildSettings = {
				ALWAYS_SEARCH_USER_PATHS = NO;
				ASSETCATALOG_COMPILER_APPICON_NAME = "${SCHEME}";
				CLANG_ANALYZER_NONNULL = YES;
				CLANG_ANALYZER_NUMBER_OBJECT_CONVERSION = YES_AGGRESSIVE;
				CLANG_CXX_LANGUAGE_STANDARD = "gnu++17";
				CLANG_CXX_LIBRARY = "libc++";
				CLANG_ENABLE_MODULES = YES;
				CLANG_ENABLE_OBJC_ARC = YES;
				CLANG_ENABLE_OBJC_WEAK = YES;
				CLANG_WARN_BLOCK_CAPTURE_AUTORELEASING = YES;
				CLANG_WARN_BOOL_CONVERSION = YES;
				CLANG_WARN_COMMA = YES;
				CLANG_WARN_CONSTANT_CONVERSION = YES;
				CLANG_WARN_DEPRECATED_OBJC_IMPLEMENTATIONS = YES;
				CLANG_WARN_DIRECT_OBJC_ISA_USAGE = YES_ERROR;
				CLANG_WARN_DOCUMENTATION_COMMENTS = YES;
				CLANG_WARN_EMPTY_BODY = YES;
				CLANG_WARN_ENUM_CONVERSION = YES;
				CLANG_WARN_INFINITE_RECURSION = YES;
				CLANG_WARN_INT_CONVERSION = YES;
				CLANG_WARN_NON_LITERAL_NULL_CONVERSION = YES;
				CLANG_WARN_OBJC_IMPLICIT_RETAIN_SELF = YES;
				CLANG_WARN_OBJC_LITERAL_CONVERSION = YES;
				CLANG_WARN_OBJC_ROOT_CLASS = YES_ERROR;
				CLANG_WARN_QUOTED_INCLUDE_IN_FRAMEWORK_HEADER = YES;
				CLANG_WARN_RANGE_LOOP_ANALYSIS = YES;
				CLANG_WARN_STRICT_PROTOTYPES = YES;
				CLANG_WARN_SUSPICIOUS_MOVE = YES;
				CLANG_WARN_UNGUARDED_AVAILABILITY = YES_AGGRESSIVE;
				CLANG_WARN_UNREACHABLE_CODE = YES;
				CLANG_WARN__DUPLICATE_METHOD_MATCH = YES;
				COPY_PHASE_STRIP = NO;
				DEBUG_INFORMATION_FORMAT = dwarf;
				ENABLE_STRICT_OBJC_MSGSEND = YES;
				ENABLE_TESTABILITY = YES;
				GCC_C_LANGUAGE_STANDARD = gnu11;
				GCC_DYNAMIC_NO_PIC = NO;
				GCC_NO_COMMON_BLOCKS = YES;
				GCC_OPTIMIZATION_LEVEL = 0;
				GCC_PRECOMPILE_PREFIX_HEADER = YES;
				GCC_PREFIX_HEADER = MultiTest/PrefixHeader.pch;
				GCC_PREPROCESSOR_DEFINITIONS = "${SCHEME}=1";
				GCC_WARN_64_TO_32_BIT_CONVERSION = YES;
				GCC_WARN_ABOUT_RETURN_TYPE = YES_ERROR;
				GCC_WARN_UNDECLARED_SELECTOR = YES;
				GCC_WARN_UNINITIALIZED_AUTOS = YES_AGGRESSIVE;
				GCC_WARN_UNUSED_FUNCTION = YES;
				GCC_WARN_UNUSED_VARIABLE = YES;
				INFOPLIST_KEY_CFBundleDisplayName = "${APP_DISPLAY_NAME}";
				IPHONEOS_DEPLOYMENT_TARGET = 14.7;
				MTL_ENABLE_DEBUG_INFO = INCLUDE_SOURCE;
				MTL_FAST_MATH = YES;
				ONLY_ACTIVE_ARCH = YES;
				PRODUCT_BUNDLE_IDENTIFIER = "";
				SDKROOT = iphoneos;
			};
			name = Debug;
		};
		EEF78A362812A04000E47D6A /* Release */ = {
			isa = XCBuildConfiguration;
			baseConfigurationReference = EEF78A3F2812AA4500E47D6A /* ReleaseConfig.xcconfig */;
			buildSettings = {
				ALWAYS_SEARCH_USER_PATHS = NO;
				ASSETCATALOG_COMPILER_APPICON_NAME = "${SCHEME}";
				CLANG_ANALYZER_NONNULL = YES;
				CLANG_ANALYZER_NUMBER_OBJECT_CONVERSION = YES_AGGRESSIVE;
				CLANG_CXX_LANGUAGE_STANDARD = "gnu++17";
				CLANG_CXX_LIBRARY = "libc++";
				CLANG_ENABLE_MODULES = YES;
				CLANG_ENABLE_OBJC_ARC = YES;
				CLANG_ENABLE_OBJC_WEAK = YES;
				CLANG_WARN_BLOCK_CAPTURE_AUTORELEASING = YES;
				CLANG_WARN_BOOL_CONVERSION = YES;
				CLANG_WARN_COMMA = YES;
				CLANG_WARN_CONSTANT_CONVERSION = YES;
				CLANG_WARN_DEPRECATED_OBJC_IMPLEMENTATIONS = YES;
				CLANG_WARN_DIRECT_OBJC_ISA_USAGE = YES_ERROR;
				CLANG_WARN_DOCUMENTATION_COMMENTS = YES;
				CLANG_WARN_EMPTY_BODY = YES;
				CLANG_WARN_ENUM_CONVERSION = YES;
				CLANG_WARN_INFINITE_RECURSION = YES;
				CLANG_WARN_INT_CONVERSION = YES;
				CLANG_WARN_NON_LITERAL_NULL_CONVERSION = YES;
				CLANG_WARN_OBJC_IMPLICIT_RETAIN_SELF = YES;
				CLANG_WARN_OBJC_LITERAL_CONVERSION = YES;
				CLANG_WARN_OBJC_ROOT_CLASS = YES_ERROR;
				CLANG_WARN_QUOTED_INCLUDE_IN_FRAMEWORK_HEADER = YES;
				CLANG_WARN_RANGE_LOOP_ANALYSIS = YES;
				CLANG_WARN_STRICT_PROTOTYPES = YES;
				CLANG_WARN_SUSPICIOUS_MOVE = YES;
				CLANG_WARN_UNGUARDED_AVAILABILITY = YES_AGGRESSIVE;
				CLANG_WARN_UNREACHABLE_CODE = YES;
				CLANG_WARN__DUPLICATE_METHOD_MATCH = YES;
				COPY_PHASE_STRIP = NO;
				DEBUG_INFORMATION_FORMAT = "dwarf-with-dsym";
				ENABLE_NS_ASSERTIONS = NO;
				ENABLE_STRICT_OBJC_MSGSEND = YES;
				GCC_C_LANGUAGE_STANDARD = gnu11;
				GCC_NO_COMMON_BLOCKS = YES;
				GCC_PRECOMPILE_PREFIX_HEADER = YES;
				GCC_PREFIX_HEADER = MultiTest/PrefixHeader.pch;
				GCC_PREPROCESSOR_DEFINITIONS = "${SCHEME}=1";
				GCC_WARN_64_TO_32_BIT_CONVERSION = YES;
				GCC_WARN_ABOUT_RETURN_TYPE = YES_ERROR;
				GCC_WARN_UNDECLARED_SELECTOR = YES;
				GCC_WARN_UNINITIALIZED_AUTOS = YES_AGGRESSIVE;
				GCC_WARN_UNUSED_FUNCTION = YES;
				GCC_WARN_UNUSED_VARIABLE = YES;
				INFOPLIST_KEY_CFBundleDisplayName = "${APP_DISPLAY_NAME}";
				IPHONEOS_DEPLOYMENT_TARGET = 14.7;
				MTL_ENABLE_DEBUG_INFO = NO;
				MTL_FAST_MATH = YES;
				PRODUCT_BUNDLE_IDENTIFIER = "";
				SDKROOT = iphoneos;
				VALIDATE_PRODUCT = YES;
			};
			name = Release;
		};
		EEF78A382812A04000E47D6A /* Debug */ = {
			isa = XCBuildConfiguration;
			baseConfigurationReference = EEF78A3E2812AA3700E47D6A /* DebugConfig.xcconfig */;
			buildSettings = {
				ASSETCATALOG_COMPILER_APPICON_NAME = "${SCHEME}";
				ASSETCATALOG_COMPILER_GLOBAL_ACCENT_COLOR_NAME = AccentColor;
				CODE_SIGN_STYLE = Automatic;
				CURRENT_PROJECT_VERSION = 1;
				DEVELOPMENT_TEAM = LRQ32NP9TG;
				GCC_PRECOMPILE_PREFIX_HEADER = YES;
				GCC_PREFIX_HEADER = MultiTest/PrefixHeader.pch;
				GENERATE_INFOPLIST_FILE = YES;
				INFOPLIST_FILE = MultiTest/Info.plist;
				INFOPLIST_KEY_CFBundleDisplayName = "${APP_DISPLAY_NAME}";
				INFOPLIST_KEY_UIApplicationSupportsIndirectInputEvents = YES;
				INFOPLIST_KEY_UILaunchStoryboardName = LaunchScreen;
				INFOPLIST_KEY_UIMainStoryboardFile = Main;
				INFOPLIST_KEY_UISupportedInterfaceOrientations_iPad = "UIInterfaceOrientationPortrait UIInterfaceOrientationPortraitUpsideDown UIInterfaceOrientationLandscapeLeft UIInterfaceOrientationLandscapeRight";
				INFOPLIST_KEY_UISupportedInterfaceOrientations_iPhone = "UIInterfaceOrientationPortrait UIInterfaceOrientationLandscapeLeft UIInterfaceOrientationLandscapeRight";
				LD_RUNPATH_SEARCH_PATHS = (
					"$(inherited)",
					"@executable_path/Frameworks",
				);
				MARKETING_VERSION = 1.0;
				PRODUCT_BUNDLE_IDENTIFIER = "${BUNDLEID}";
				PRODUCT_NAME = "$(TARGET_NAME)";
				SWIFT_EMIT_LOC_STRINGS = YES;
				TARGETED_DEVICE_FAMILY = "1,2";
			};
			name = Debug;
		};
		EEF78A392812A04000E47D6A /* Release */ = {
			isa = XCBuildConfiguration;
			baseConfigurationReference = EEF78A3F2812AA4500E47D6A /* ReleaseConfig.xcconfig */;
			buildSettings = {
				ASSETCATALOG_COMPILER_APPICON_NAME = "${SCHEME}";
				ASSETCATALOG_COMPILER_GLOBAL_ACCENT_COLOR_NAME = AccentColor;
				CODE_SIGN_STYLE = Automatic;
				CURRENT_PROJECT_VERSION = 1;
				DEVELOPMENT_TEAM = LRQ32NP9TG;
				GCC_PRECOMPILE_PREFIX_HEADER = YES;
				GCC_PREFIX_HEADER = MultiTest/PrefixHeader.pch;
				GENERATE_INFOPLIST_FILE = YES;
				INFOPLIST_FILE = MultiTest/Info.plist;
				INFOPLIST_KEY_CFBundleDisplayName = "${APP_DISPLAY_NAME}";
				INFOPLIST_KEY_UIApplicationSupportsIndirectInputEvents = YES;
				INFOPLIST_KEY_UILaunchStoryboardName = LaunchScreen;
				INFOPLIST_KEY_UIMainStoryboardFile = Main;
				INFOPLIST_KEY_UISupportedInterfaceOrientations_iPad = "UIInterfaceOrientationPortrait UIInterfaceOrientationPortraitUpsideDown UIInterfaceOrientationLandscapeLeft UIInterfaceOrientationLandscapeRight";
				INFOPLIST_KEY_UISupportedInterfaceOrientations_iPhone = "UIInterfaceOrientationPortrait UIInterfaceOrientationLandscapeLeft UIInterfaceOrientationLandscapeRight";
				LD_RUNPATH_SEARCH_PATHS = (
					"$(inherited)",
					"@executable_path/Frameworks",
				);
				MARKETING_VERSION = 1.0;
				PRODUCT_BUNDLE_IDENTIFIER = "${BUNDLEID}";
				PRODUCT_NAME = "$(TARGET_NAME)";
				SWIFT_EMIT_LOC_STRINGS = YES;
				TARGETED_DEVICE_FAMILY = "1,2";
			};
			name = Release;
		};
		EEF78A3A2812A2F700E47D6A /* ReleaseTest */ = {
			isa = XCBuildConfiguration;
			baseConfigurationReference = EEF78A402812AA5A00E47D6A /* ReleaseTestConfig.xcconfig */;
			buildSettings = {
				ALWAYS_SEARCH_USER_PATHS = NO;
				ASSETCATALOG_COMPILER_APPICON_NAME = "${SCHEME}";
				CLANG_ANALYZER_NONNULL = YES;
				CLANG_ANALYZER_NUMBER_OBJECT_CONVERSION = YES_AGGRESSIVE;
				CLANG_CXX_LANGUAGE_STANDARD = "gnu++17";
				CLANG_CXX_LIBRARY = "libc++";
				CLANG_ENABLE_MODULES = YES;
				CLANG_ENABLE_OBJC_ARC = YES;
				CLANG_ENABLE_OBJC_WEAK = YES;
				CLANG_WARN_BLOCK_CAPTURE_AUTORELEASING = YES;
				CLANG_WARN_BOOL_CONVERSION = YES;
				CLANG_WARN_COMMA = YES;
				CLANG_WARN_CONSTANT_CONVERSION = YES;
				CLANG_WARN_DEPRECATED_OBJC_IMPLEMENTATIONS = YES;
				CLANG_WARN_DIRECT_OBJC_ISA_USAGE = YES_ERROR;
				CLANG_WARN_DOCUMENTATION_COMMENTS = YES;
				CLANG_WARN_EMPTY_BODY = YES;
				CLANG_WARN_ENUM_CONVERSION = YES;
				CLANG_WARN_INFINITE_RECURSION = YES;
				CLANG_WARN_INT_CONVERSION = YES;
				CLANG_WARN_NON_LITERAL_NULL_CONVERSION = YES;
				CLANG_WARN_OBJC_IMPLICIT_RETAIN_SELF = YES;
				CLANG_WARN_OBJC_LITERAL_CONVERSION = YES;
				CLANG_WARN_OBJC_ROOT_CLASS = YES_ERROR;
				CLANG_WARN_QUOTED_INCLUDE_IN_FRAMEWORK_HEADER = YES;
				CLANG_WARN_RANGE_LOOP_ANALYSIS = YES;
				CLANG_WARN_STRICT_PROTOTYPES = YES;
				CLANG_WARN_SUSPICIOUS_MOVE = YES;
				CLANG_WARN_UNGUARDED_AVAILABILITY = YES_AGGRESSIVE;
				CLANG_WARN_UNREACHABLE_CODE = YES;
				CLANG_WARN__DUPLICATE_METHOD_MATCH = YES;
				COPY_PHASE_STRIP = NO;
				DEBUG_INFORMATION_FORMAT = dwarf;
				ENABLE_STRICT_OBJC_MSGSEND = YES;
				ENABLE_TESTABILITY = YES;
				GCC_C_LANGUAGE_STANDARD = gnu11;
				GCC_DYNAMIC_NO_PIC = NO;
				GCC_NO_COMMON_BLOCKS = YES;
				GCC_OPTIMIZATION_LEVEL = 0;
				GCC_PRECOMPILE_PREFIX_HEADER = YES;
				GCC_PREFIX_HEADER = MultiTest/PrefixHeader.pch;
				GCC_PREPROCESSOR_DEFINITIONS = "${SCHEME}=1";
				GCC_WARN_64_TO_32_BIT_CONVERSION = YES;
				GCC_WARN_ABOUT_RETURN_TYPE = YES_ERROR;
				GCC_WARN_UNDECLARED_SELECTOR = YES;
				GCC_WARN_UNINITIALIZED_AUTOS = YES_AGGRESSIVE;
				GCC_WARN_UNUSED_FUNCTION = YES;
				GCC_WARN_UNUSED_VARIABLE = YES;
				INFOPLIST_KEY_CFBundleDisplayName = "${APP_DISPLAY_NAME}";
				IPHONEOS_DEPLOYMENT_TARGET = 14.7;
				MTL_ENABLE_DEBUG_INFO = INCLUDE_SOURCE;
				MTL_FAST_MATH = YES;
				ONLY_ACTIVE_ARCH = YES;
				PRODUCT_BUNDLE_IDENTIFIER = "";
				SDKROOT = iphoneos;
			};
			name = ReleaseTest;
		};
		EEF78A3B2812A2F700E47D6A /* ReleaseTest */ = {
			isa = XCBuildConfiguration;
			baseConfigurationReference = EEF78A402812AA5A00E47D6A /* ReleaseTestConfig.xcconfig */;
			buildSettings = {
				ASSETCATALOG_COMPILER_APPICON_NAME = "${SCHEME}";
				ASSETCATALOG_COMPILER_GLOBAL_ACCENT_COLOR_NAME = AccentColor;
				CODE_SIGN_STYLE = Automatic;
				CURRENT_PROJECT_VERSION = 1;
				DEVELOPMENT_TEAM = LRQ32NP9TG;
				GCC_PRECOMPILE_PREFIX_HEADER = YES;
				GCC_PREFIX_HEADER = MultiTest/PrefixHeader.pch;
				GENERATE_INFOPLIST_FILE = YES;
				INFOPLIST_FILE = MultiTest/Info.plist;
				INFOPLIST_KEY_CFBundleDisplayName = "${APP_DISPLAY_NAME}";
				INFOPLIST_KEY_UIApplicationSupportsIndirectInputEvents = YES;
				INFOPLIST_KEY_UILaunchStoryboardName = LaunchScreen;
				INFOPLIST_KEY_UIMainStoryboardFile = Main;
				INFOPLIST_KEY_UISupportedInterfaceOrientations_iPad = "UIInterfaceOrientationPortrait UIInterfaceOrientationPortraitUpsideDown UIInterfaceOrientationLandscapeLeft UIInterfaceOrientationLandscapeRight";
				INFOPLIST_KEY_UISupportedInterfaceOrientations_iPhone = "UIInterfaceOrientationPortrait UIInterfaceOrientationLandscapeLeft UIInterfaceOrientationLandscapeRight";
				LD_RUNPATH_SEARCH_PATHS = (
					"$(inherited)",
					"@executable_path/Frameworks",
				);
				MARKETING_VERSION = 1.0;
				PRODUCT_BUNDLE_IDENTIFIER = "${BUNDLEID}";
				PRODUCT_NAME = "$(TARGET_NAME)";
				SWIFT_EMIT_LOC_STRINGS = YES;
				TARGETED_DEVICE_FAMILY = "1,2";
			};
			name = ReleaseTest;
		};
/* End XCBuildConfiguration section */

/* Begin XCConfigurationList section */
		EEF78A192812A03C00E47D6A /* Build configuration list for PBXProject "MultiTest" */ = {
			isa = XCConfigurationList;
			buildConfigurations = (
				EEF78A352812A04000E47D6A /* Debug */,
				EEF78A3A2812A2F700E47D6A /* ReleaseTest */,
				EEF78A362812A04000E47D6A /* Release */,
			);
			defaultConfigurationIsVisible = 0;
			defaultConfigurationName = Release;
		};
		EEF78A372812A04000E47D6A /* Build configuration list for PBXNativeTarget "MultiTest" */ = {
			isa = XCConfigurationList;
			buildConfigurations = (
				EEF78A382812A04000E47D6A /* Debug */,
				EEF78A3B2812A2F700E47D6A /* ReleaseTest */,
				EEF78A392812A04000E47D6A /* Release */,
			);
			defaultConfigurationIsVisible = 0;
			defaultConfigurationName = Release;
		};
/* End XCConfigurationList section */
	};
	rootObject = EEF78A162812A03C00E47D6A /* Project object */;
}
